<?xml version="1.0" encoding="utf-8"?>
<Project ToolsVersion="4.0" xmlns="http://schemas.microsoft.com/developer/msbuild/2003">
  <ItemGroup>
    <ClCompile Include="Main.cpp" />
    <ClCompile Include="MainGame.cpp" />
    <ClCompile Include="stdafx.cpp" />
    <ClCompile Include="Scenes\Week 3\MinionScene.cpp" />
    <ClCompile Include="Materials\ColorMaterial.cpp" />
    <ClCompile Include="Prefabs\Classes\SpherePrefab.cpp" />
    <ClCompile Include="Prefabs\Classes\TorusPrefab.cpp" />
    <ClCompile Include="Prefabs\Classes\CubePrefab.cpp" />
    <ClCompile Include="Scenes\Week 3\PongScene.cpp" />
    <ClCompile Include="Scenes\Week 3\ComponentTestScene.cpp" />
    <ClCompile Include="Scenes\Week 4\ModelTestScene.cpp" />
    <ClCompile Include="Materials\DiffuseMaterial.cpp" />
    <ClCompile Include="Materials\UberMaterial.cpp" />
    <ClCompile Include="Scenes\Week 4\UberMaterialScene.cpp" />
    <ClCompile Include="Scenes\Week 4\SpikyScene.cpp" />
    <ClCompile Include="Materials\SpikyMaterial.cpp" />
    <ClCompile Include="Scenes\Week 4\SpriteTestScene.cpp" />
    <ClCompile Include="Scenes\Week 5\FontTestScene.cpp" />
    <ClCompile Include="Scenes\Week 5\PickingScene.cpp" />
    <ClCompile Include="Scenes\Week 5\CharacterScene.cpp" />
    <ClCompile Include="Prefabs\Classes\Character.cpp" />
    <ClCompile Include="Prefabs\Classes\BoneObject.cpp" />
    <ClCompile Include="Scenes\Week 6\SoftwareSkinningScene_1.cpp" />
    <ClCompile Include="Scenes\Week 6\SoftwareSkinningScene_2.cpp" />
    <ClCompile Include="Scenes\Week 6\SoftwareSkinningScene_3.cpp" />
    <ClCompile Include="Scenes\Week 7\HardwareSkinningScene.cpp" />
    <ClCompile Include="Materials\DiffuseMaterial_Skinned.cpp" />
    <ClCompile Include="Scenes\Week 8\ShadowMappingScene.cpp" />
    <ClCompile Include="Scenes\Week 9\ParticleScene.cpp" />
    <ClCompile Include="Materials\Shadow\DiffuseMaterial_Shadow.cpp" />
    <ClCompile Include="Materials\Shadow\DiffuseMaterial_Shadow_Skinned.cpp" />
    <ClCompile Include="Scenes\Week 10\PostProcessingScene.cpp" />
    <ClCompile Include="Materials\Post\PostGrayscale.cpp" />
    <ClCompile Include="Materials\Post\PostBlur.cpp" />
    <ClCompile Include="Components\GridCoordinateComponent.cpp" />
    <ClCompile Include="Components\TileGridMap.cpp" />
    <ClCompile Include="Scenes\Game\BombermanLevelScene.cpp" />
    <ClCompile Include="Components\DoThingOnSceneDetach.cpp" />
    <ClCompile Include="Prefabs\Game\Tiles\TileEntity.cpp" />
    <ClCompile Include="Prefabs\Game\Tiles\Block.cpp" />
    <ClCompile Include="Prefabs\Game\Tiles\BreakableBlock.cpp" />
    <ClCompile Include="Prefabs\Game\Tiles\UnbreakableBlock.cpp" />
    <ClCompile Include="Components\GridMovementComponent.cpp" />
    <ClCompile Include="Prefabs\Game\Tiles\MovementBlocker.cpp" />
    <ClCompile Include="Components\CharacterInputComponent.cpp" />
    <ClCompile Include="Prefabs\Game\Player\Player.cpp" />
    <ClCompile Include="Components\BombPlacerComponent.cpp" />
    <ClCompile Include="Prefabs\Game\Bomb\Bomb.cpp" />
    <ClCompile Include="Prefabs\Game\Pickups\BasePickup.cpp" />
    <ClCompile Include="Prefabs\Game\Pickups\BombCountIncrease.cpp" />
    <ClCompile Include="Prefabs\Game\Pickups\ExplosionRadiusIncrease.cpp" />
    <ClCompile Include="Prefabs\Game\Pickups\MovementSpeedIncrease.cpp" />
    <ClCompile Include="Prefabs\Game\Managers\SpawnManager.cpp" />
    <ClCompile Include="Prefabs\Game\Decoration\BackgroundTile.cpp" />
    <ClCompile Include="Components\PlayerPickupManager.cpp" />
    <ClCompile Include="Prefabs\Game\UI\UISprite.cpp" />
    <ClCompile Include="Prefabs\Game\UI\PlayerUI.cpp" />
    <ClCompile Include="Prefabs\Game\UI\SpriteList.cpp" />
    <ClCompile Include="Prefabs\Game\Effects\TemporaryParticle.cpp" />
    <ClCompile Include="Prefabs\Game\Bomb\BombExplosion.cpp" />
    <ClCompile Include="Materials\Post\PostPixelate.cpp" />
    <ClCompile Include="Scenes\Game\MainMenuScene.cpp" />
    <ClCompile Include="Prefabs\Game\UI\Button.cpp" />
    <ClCompile Include="Prefabs\Game\Managers\UIInputManager.cpp" />
    <ClCompile Include="Prefabs\Game\UI\Buttons\QuitButton.cpp" />
    <ClCompile Include="Prefabs\Game\UI\Buttons\StartButton.cpp" />
    <ClCompile Include="Prefabs\Game\UI\Buttons\RestartButton.cpp" />
    <ClCompile Include="Prefabs\Game\Managers\GameManager.cpp" />
    <ClCompile Include="Prefabs\Game\UI\Screens\GameEndScreen.cpp" />
    <ClCompile Include="Prefabs\Game\UI\TimerUI.cpp" />
  </ItemGroup>
  <ItemGroup>
    <ClInclude Include="MainGame.h" />
    <ClInclude Include="stdafx.h" />
    <ClInclude Include="Scenes\Week 3\MinionScene.h" />
    <ClInclude Include="Materials\ColorMaterial.h" />
    <ClInclude Include="Prefabs\Classes\SpherePrefab.h" />
    <ClInclude Include="Prefabs\Classes\TorusPrefab.h" />
    <ClInclude Include="Prefabs\Classes\CubePrefab.h" />
    <ClInclude Include="Scenes\Week 3\PongScene.h" />
    <ClInclude Include="Scenes\Week 3\ComponentTestScene.h" />
    <ClInclude Include="Scenes\Week 4\ModelTestScene.h" />
    <ClInclude Include="Materials\DiffuseMaterial.h" />
    <ClInclude Include="Materials\UberMaterial.h" />
    <ClInclude Include="Scenes\Week 4\UberMaterialScene.h" />
    <ClInclude Include="Scenes\Week 4\SpikyScene.h" />
    <ClInclude Include="Materials\SpikyMaterial.h" />
    <ClInclude Include="Scenes\Week 4\SpriteTestScene.h" />
    <ClInclude Include="Scenes\Week 5\FontTestScene.h" />
    <ClInclude Include="Scenes\Week 5\PickingScene.h" />
    <ClInclude Include="Scenes\Week 5\CharacterScene.h" />
    <ClInclude Include="Prefabs\Classes\Character.h" />
    <ClInclude Include="Prefabs\Classes\BoneObject.h" />
    <ClInclude Include="Scenes\Week 6\SoftwareSkinningScene_1.h" />
    <ClInclude Include="Scenes\Week 6\SoftwareSkinningScene_2.h" />
    <ClInclude Include="Scenes\Week 6\SoftwareSkinningScene_3.h" />
    <ClInclude Include="Scenes\Week 7\HardwareSkinningScene.h" />
    <ClInclude Include="Materials\DiffuseMaterial_Skinned.h" />
    <ClInclude Include="Scenes\Week 8\ShadowMappingScene.h" />
    <ClInclude Include="Scenes\Week 9\ParticleScene.h" />
    <ClInclude Include="Materials\Shadow\DiffuseMaterial_Shadow.h" />
    <ClInclude Include="Materials\Shadow\DiffuseMaterial_Shadow_Skinned.h" />
    <ClInclude Include="Scenes\Week 10\PostProcessingScene.h" />
    <ClInclude Include="Materials\Post\PostGrayscale.h" />
    <ClInclude Include="Materials\Post\PostBlur.h" />
    <ClInclude Include="Components\GridCoordinateComponent.h" />
    <ClInclude Include="Components\TileGridMap.h" />
    <ClInclude Include="Utils\MathUtils.h" />
    <ClInclude Include="Scenes\Game\BombermanLevelScene.h" />
    <ClInclude Include="Components\DoThingOnSceneDetach.h" />
    <ClInclude Include="Prefabs\Game\Tiles\TileEntity.h" />
    <ClInclude Include="Prefabs\Game\Tiles\Block.h" />
    <ClInclude Include="Prefabs\Game\Tiles\BreakableBlock.h" />
    <ClInclude Include="Prefabs\Game\Tiles\UnbreakableBlock.h" />
    <ClInclude Include="Components\GridMovementComponent.h" />
    <ClInclude Include="Prefabs\Game\Tiles\MovementBlocker.h" />
    <ClInclude Include="Components\CharacterInputComponent.h" />
    <ClInclude Include="Prefabs\Game\Player\Player.h" />
    <ClInclude Include="Components\BombPlacerComponent.h" />
    <ClInclude Include="Prefabs\Game\Bomb\Bomb.h" />
    <ClInclude Include="Prefabs\Game\Pickups\BasePickup.h" />
    <ClInclude Include="Prefabs\Game\Pickups\BombCountIncrease.h" />
    <ClInclude Include="Prefabs\Game\Pickups\ExplosionRadiusIncrease.h" />
    <ClInclude Include="Prefabs\Game\Pickups\MovementSpeedIncrease.h" />
    <ClInclude Include="Prefabs\Game\Managers\SpawnManager.h" />
    <ClInclude Include="Prefabs\Game\Decoration\BackgroundTile.h" />
    <ClInclude Include="Components\PlayerPickupManager.h" />
    <ClInclude Include="Prefabs\Game\UI\UISprite.h" />
    <ClInclude Include="Prefabs\Game\UI\PlayerUI.h" />
    <ClInclude Include="Prefabs\Game\UI\SpriteList.h" />
    <ClInclude Include="Prefabs\Game\Effects\TemporaryParticle.h" />
    <ClInclude Include="Prefabs\Game\Bomb\BombExplosion.h" />
    <ClInclude Include="Materials\Post\PostPixelate.h" />
    <ClInclude Include="Scenes\Game\MainMenuScene.h" />
    <ClInclude Include="Prefabs\Game\UI\Button.h" />
    <ClInclude Include="Prefabs\Game\Managers\UIInputManager.h" />
    <ClInclude Include="Prefabs\Game\UI\Buttons\QuitButton.h" />
    <ClInclude Include="Prefabs\Game\UI\Buttons\StartButton.h" />
    <ClInclude Include="Prefabs\Game\UI\Buttons\RestartButton.h" />
    <ClInclude Include="Prefabs\Game\Managers\GameManager.h" />
    <ClInclude Include="Prefabs\Game\UI\Screens\GameEndScreen.h" />
    <ClInclude Include="Prefabs\Game\UI\TimerUI.h" />
  </ItemGroup>
</Project>